
Microsoft Visual Studio Solution File, Format Version 12.00
# Visual Studio 15
VisualStudioVersion = 15.0.27428.2043
MinimumVisualStudioVersion = 10.0.40219.1
Project("{2150E333-8FDC-42A3-9474-1A3956D46DE8}") = "Project", "Project", "{6EAD4AE1-CB4E-4057-80B3-87A4E8B3457B}"
EndProject
Project("{FAE04EC0-301F-11D3-BF4B-00C04F79EFBC}") = "MyProject", "src\Project\MyProject\MyProject.csproj", "{9D61F9AF-4DF6-42A5-8AD8-1530ACC2C50D}"
EndProject
Project("{2150E333-8FDC-42A3-9474-1A3956D46DE8}") = "Foundation", "Foundation", "{E811BFA3-C5DB-4ECF-A9EB-42ECC3873F36}"
EndProject
Project("{FAE04EC0-301F-11D3-BF4B-00C04F79EFBC}") = "MyFoundation", "src\Foundation\MyFoundation\MyFoundation.csproj", "{B57FDE63-1FE1-4DB1-8F44-BDEC3E26CC45}"
EndProject
Global
	GlobalSection(SolutionConfigurationPlatforms) = preSolution
		Debug|Any CPU = Debug|Any CPU
		Release|Any CPU = Release|Any CPU
	EndGlobalSection
	GlobalSection(ProjectConfigurationPlatforms) = postSolution
		{9D61F9AF-4DF6-42A5-8AD8-1530ACC2C50D}.Debug|Any CPU.ActiveCfg = Debug|Any CPU
		{9D61F9AF-4DF6-42A5-8AD8-1530ACC2C50D}.Debug|Any CPU.Build.0 = Debug|Any CPU
		{9D61F9AF-4DF6-42A5-8AD8-1530ACC2C50D}.Release|Any CPU.ActiveCfg = Release|Any CPU
		{9D61F9AF-4DF6-42A5-8AD8-1530ACC2C50D}.Release|Any CPU.Build.0 = Release|Any CPU
		{B57FDE63-1FE1-4DB1-8F44-BDEC3E26CC45}.Debug|Any CPU.ActiveCfg = Debug|Any CPU
		{B57FDE63-1FE1-4DB1-8F44-BDEC3E26CC45}.Debug|Any CPU.Build.0 = Debug|Any CPU
		{B57FDE63-1FE1-4DB1-8F44-BDEC3E26CC45}.Release|Any CPU.ActiveCfg = Release|Any CPU
		{B57FDE63-1FE1-4DB1-8F44-BDEC3E26CC45}.Release|Any CPU.Build.0 = Release|Any CPU
	EndGlobalSection
	GlobalSection(SolutionProperties) = preSolution
		HideSolutionNode = FALSE
	EndGlobalSection
	GlobalSection(NestedProjects) = preSolution
		{9D61F9AF-4DF6-42A5-8AD8-1530ACC2C50D} = {6EAD4AE1-CB4E-4057-80B3-87A4E8B3457B}
		{B57FDE63-1FE1-4DB1-8F44-BDEC3E26CC45} = {E811BFA3-C5DB-4ECF-A9EB-42ECC3873F36}
	EndGlobalSection
	GlobalSection(ExtensibilityGlobals) = postSolution
		SolutionGuid = {2993DA45-DA47-4393-94AF-DFFB5FA7B8A6}
	EndGlobalSection
EndGlobal
